
Microsoft Visual Studio Solution File, Format Version 12.00
# Visual Studio Version 16
VisualStudioVersion = 16.0.35325.158
MinimumVisualStudioVersion = 10.0.40219.1
Project("{FAE04EC0-301F-11D3-BF4B-00C04F79EFBC}") = "View Baig", "View Baig\View Baig.csproj", "{BDF1176F-31A9-41A0-9442-D2C0147AB7A1}"
EndProject
Global
	GlobalSection(SolutionConfigurationPlatforms) = preSolution
		Debug|Any CPU = Debug|Any CPU
		Release|Any CPU = Release|Any CPU
	EndGlobalSection
	GlobalSection(ProjectConfigurationPlatforms) = postSolution
		{BDF1176F-31A9-41A0-9442-D2C0147AB7A1}.Debug|Any CPU.ActiveCfg = Debug|Any CPU
		{BDF1176F-31A9-41A0-9442-D2C0147AB7A1}.Debug|Any CPU.Build.0 = Debug|Any CPU
		{BDF1176F-31A9-41A0-9442-D2C0147AB7A1}.Release|Any CPU.ActiveCfg = Release|Any CPU
		{BDF1176F-31A9-41A0-9442-D2C0147AB7A1}.Release|Any CPU.Build.0 = Release|Any CPU
	EndGlobalSection
	GlobalSection(SolutionProperties) = preSolution
		HideSolutionNode = FALSE
	EndGlobalSection
	GlobalSection(ExtensibilityGlobals) = postSolution
		SolutionGuid = {B671D7D5-4F7B-4696-B0DD-8E1C8A631006}
	EndGlobalSection
EndGlobal
